// !$*UTF8*$!
{
	archiveVersion = 1;
	classes = {
	};
	objectVersion = 56;
	objects = {

/* Begin PBXBuildFile section */
		6751D0102B8CB9AB00396F91 /* AppDelegate.swift in Sources */ = {isa = PBXBuildFile; fileRef = 6751D00F2B8CB9AB00396F91 /* AppDelegate.swift */; };
		6751D0122B8CB9AB00396F91 /* SceneDelegate.swift in Sources */ = {isa = PBXBuildFile; fileRef = 6751D0112B8CB9AB00396F91 /* SceneDelegate.swift */; };
		6751D0142B8CB9AB00396F91 /* LoginViewController.swift in Sources */ = {isa = PBXBuildFile; fileRef = 6751D0132B8CB9AB00396F91 /* LoginViewController.swift */; };
		6751D0192B8CB9AD00396F91 /* Assets.xcassets in Resources */ = {isa = PBXBuildFile; fileRef = 6751D0182B8CB9AD00396F91 /* Assets.xcassets */; };
		6751D01C2B8CB9AD00396F91 /* LaunchScreen.storyboard in Resources */ = {isa = PBXBuildFile; fileRef = 6751D01A2B8CB9AD00396F91 /* LaunchScreen.storyboard */; };
		6751D0322B8CCA0D00396F91 /* ProfileViewController.swift in Sources */ = {isa = PBXBuildFile; fileRef = 6751D0312B8CCA0D00396F91 /* ProfileViewController.swift */; };
		6751D0362B8CCAFD00396F91 /* MainTabBarController.swift in Sources */ = {isa = PBXBuildFile; fileRef = 6751D0352B8CCAFD00396F91 /* MainTabBarController.swift */; };
		6751D03B2B8CF25C00396F91 /* AppCoordinator.swift in Sources */ = {isa = PBXBuildFile; fileRef = 6751D03A2B8CF25C00396F91 /* AppCoordinator.swift */; };
		6751D0402B8D08D600396F91 /* Colors.xcassets in Resources */ = {isa = PBXBuildFile; fileRef = 6751D03F2B8D08D600396F91 /* Colors.xcassets */; };
		6751D04A2B8D191D00396F91 /* ProfileViewPresenter.swift in Sources */ = {isa = PBXBuildFile; fileRef = 6751D0492B8D191D00396F91 /* ProfileViewPresenter.swift */; };
		6751D04E2B8D2B0800396F91 /* AppBuilder.swift in Sources */ = {isa = PBXBuildFile; fileRef = 6751D04D2B8D2B0800396F91 /* AppBuilder.swift */; };
		6751D0522B8D3DD000396F91 /* BaseCoordinator.swift in Sources */ = {isa = PBXBuildFile; fileRef = 6751D0512B8D3DD000396F91 /* BaseCoordinator.swift */; };
		6751D0542B8D3F4500396F91 /* ProfileSceneCoordinator.swift in Sources */ = {isa = PBXBuildFile; fileRef = 6751D0532B8D3F4500396F91 /* ProfileSceneCoordinator.swift */; };
		6751D0582B8E282400396F91 /* ProfileHeaderTableViewCell.swift in Sources */ = {isa = PBXBuildFile; fileRef = 6751D0572B8E282400396F91 /* ProfileHeaderTableViewCell.swift */; };
		6751D05A2B8E285500396F91 /* ProfileInfoTableViewCell.swift in Sources */ = {isa = PBXBuildFile; fileRef = 6751D0592B8E285500396F91 /* ProfileInfoTableViewCell.swift */; };
		6751D05C2B8E465600396F91 /* UIVIewController+Extension.swift in Sources */ = {isa = PBXBuildFile; fileRef = 6751D05B2B8E465600396F91 /* UIVIewController+Extension.swift */; };
		6751D05F2B8E49E900396F91 /* User.swift in Sources */ = {isa = PBXBuildFile; fileRef = 6751D05E2B8E49E900396F91 /* User.swift */; };
		6751D0622B8E808B00396F91 /* BonusesViewController.swift in Sources */ = {isa = PBXBuildFile; fileRef = 6751D0612B8E808A00396F91 /* BonusesViewController.swift */; };
		6751D0642B8E974300396F91 /* BonusesViewPresenter.swift in Sources */ = {isa = PBXBuildFile; fileRef = 6751D0632B8E974300396F91 /* BonusesViewPresenter.swift */; };
		6751D0662B8EA8ED00396F91 /* ImagePicker.swift in Sources */ = {isa = PBXBuildFile; fileRef = 6751D0652B8EA8ED00396F91 /* ImagePicker.swift */; };
		6751D0682B8FA5CE00396F91 /* Typealias.swift in Sources */ = {isa = PBXBuildFile; fileRef = 6751D0672B8FA5CE00396F91 /* Typealias.swift */; };
		6751D06B2B8FAECD00396F91 /* RecipesViewController.swift in Sources */ = {isa = PBXBuildFile; fileRef = 6751D06A2B8FAECD00396F91 /* RecipesViewController.swift */; };
		6751D06D2B8FAF1600396F91 /* RecipesSceneCoordinator.swift in Sources */ = {isa = PBXBuildFile; fileRef = 6751D06C2B8FAF1600396F91 /* RecipesSceneCoordinator.swift */; };
		6751D0702B8FAFB600396F91 /* CategoryRecipeViewController.swift in Sources */ = {isa = PBXBuildFile; fileRef = 6751D06F2B8FAFB600396F91 /* CategoryRecipeViewController.swift */; };
		6751D0722B8FB00700396F91 /* CategoryRecipeViewPresenter.swift in Sources */ = {isa = PBXBuildFile; fileRef = 6751D0712B8FB00700396F91 /* CategoryRecipeViewPresenter.swift */; };
		6751D0742B8FB0D500396F91 /* RecipesViewPresenter.swift in Sources */ = {isa = PBXBuildFile; fileRef = 6751D0732B8FB0D500396F91 /* RecipesViewPresenter.swift */; };
		6751D07A2B8FC58600396F91 /* SortButtonsView.swift in Sources */ = {isa = PBXBuildFile; fileRef = 6751D0792B8FC58600396F91 /* SortButtonsView.swift */; };
		6751D07C2B8FF34900396F91 /* SortButton.swift in Sources */ = {isa = PBXBuildFile; fileRef = 6751D07B2B8FF34900396F91 /* SortButton.swift */; };
		6751D07F2B909AD600396F91 /* RecipeTableViewCell.swift in Sources */ = {isa = PBXBuildFile; fileRef = 6751D07E2B909AD600396F91 /* RecipeTableViewCell.swift */; };
		6751D0812B909B3700396F91 /* Recipe.swift in Sources */ = {isa = PBXBuildFile; fileRef = 6751D0802B909B3700396F91 /* Recipe.swift */; };
		6751D0832B909B4900396F91 /* Category.swift in Sources */ = {isa = PBXBuildFile; fileRef = 6751D0822B909B4900396F91 /* Category.swift */; };
		6751D0862B90B57400396F91 /* SortButtonsTableHeaderView.swift in Sources */ = {isa = PBXBuildFile; fileRef = 6751D0852B90B57400396F91 /* SortButtonsTableHeaderView.swift */; };
		6751D0882B90E2AA00396F91 /* StorageService.swift in Sources */ = {isa = PBXBuildFile; fileRef = 6751D0872B90E2AA00396F91 /* StorageService.swift */; };
		6751D08B2B9152C700396F91 /* RecipeDetailViewController.swift in Sources */ = {isa = PBXBuildFile; fileRef = 6751D08A2B9152C700396F91 /* RecipeDetailViewController.swift */; };
		6751D08E2B937CFC00396F91 /* HeaderRecipeViewCell.swift in Sources */ = {isa = PBXBuildFile; fileRef = 6751D08D2B937CFC00396F91 /* HeaderRecipeViewCell.swift */; };
		6751D0912B93B9B700396F91 /* NutrientsRecipeViewCell.swift in Sources */ = {isa = PBXBuildFile; fileRef = 6751D0902B93B9B700396F91 /* NutrientsRecipeViewCell.swift */; };
		6751D0932B94900A00396F91 /* RecipeDescriptionCell.swift in Sources */ = {isa = PBXBuildFile; fileRef = 6751D0922B94900A00396F91 /* RecipeDescriptionCell.swift */; };
		6751D0952B9496E100396F91 /* RecipeDetailViewPresenter.swift in Sources */ = {isa = PBXBuildFile; fileRef = 6751D0942B9496E100396F91 /* RecipeDetailViewPresenter.swift */; };
		6751D09F2B974D3900396F91 /* TermsView.swift in Sources */ = {isa = PBXBuildFile; fileRef = 6751D09E2B974D3900396F91 /* TermsView.swift */; };
		6751D0A12B97B58000396F91 /* ShimmerRecipeViewCell.swift in Sources */ = {isa = PBXBuildFile; fileRef = 6751D0A02B97B58000396F91 /* ShimmerRecipeViewCell.swift */; };
		7308C4CB2B90EA2400A5F949 /* ErorrAlertView.swift in Sources */ = {isa = PBXBuildFile; fileRef = 7308C4CA2B90EA2400A5F949 /* ErorrAlertView.swift */; };
		73315B752B98B7B600E8BB1C /* ShimmerCellView.swift in Sources */ = {isa = PBXBuildFile; fileRef = 73315B742B98B7B600E8BB1C /* ShimmerCellView.swift */; };
		7360CB322B932FFB009B676A /* RecipeCellColectionView.swift in Sources */ = {isa = PBXBuildFile; fileRef = 7360CB312B932FFB009B676A /* RecipeCellColectionView.swift */; };
		7377CB802B949A0200FC2554 /* FavoritesView.swift in Sources */ = {isa = PBXBuildFile; fileRef = 7377CB7F2B949A0200FC2554 /* FavoritesView.swift */; };
		7377CB822B949A6000FC2554 /* FavoritesSceneCoordinator.swift in Sources */ = {isa = PBXBuildFile; fileRef = 7377CB812B949A6000FC2554 /* FavoritesSceneCoordinator.swift */; };
		7377CB842B949C9200FC2554 /* FavoritesPresenter.swift in Sources */ = {isa = PBXBuildFile; fileRef = 7377CB832B949C9200FC2554 /* FavoritesPresenter.swift */; };
		7377CB872B94AEF200FC2554 /* FavoritesPlaceholderView.swift in Sources */ = {isa = PBXBuildFile; fileRef = 7377CB862B94AEF200FC2554 /* FavoritesPlaceholderView.swift */; };
		7377CB892B94C78200FC2554 /* FavoritesCell.swift in Sources */ = {isa = PBXBuildFile; fileRef = 7377CB882B94C78200FC2554 /* FavoritesCell.swift */; };
		737A75572B8E44850019FB22 /* LoginViewPresenter.swift in Sources */ = {isa = PBXBuildFile; fileRef = 737A75562B8E44850019FB22 /* LoginViewPresenter.swift */; };
		737A75592B8E46530019FB22 /* LoginSceneCoordinator.swift in Sources */ = {isa = PBXBuildFile; fileRef = 737A75582B8E46530019FB22 /* LoginSceneCoordinator.swift */; };
		7399872F2B97358B00E0EEF8 /* UIFont+Extension.swift in Sources */ = {isa = PBXBuildFile; fileRef = 7399872E2B97358B00E0EEF8 /* UIFont+Extension.swift */; };
		73A326722B8E241000D92928 /* UIColor+Extension.swift in Sources */ = {isa = PBXBuildFile; fileRef = 73A326712B8E241000D92928 /* UIColor+Extension.swift */; };
/* End PBXBuildFile section */

/* Begin PBXFileReference section */
		6751D00C2B8CB9AB00396F91 /* MVPTask.app */ = {isa = PBXFileReference; explicitFileType = wrapper.application; includeInIndex = 0; path = MVPTask.app; sourceTree = BUILT_PRODUCTS_DIR; };
		6751D00F2B8CB9AB00396F91 /* AppDelegate.swift */ = {isa = PBXFileReference; lastKnownFileType = sourcecode.swift; path = AppDelegate.swift; sourceTree = "<group>"; };
		6751D0112B8CB9AB00396F91 /* SceneDelegate.swift */ = {isa = PBXFileReference; lastKnownFileType = sourcecode.swift; path = SceneDelegate.swift; sourceTree = "<group>"; };
		6751D0132B8CB9AB00396F91 /* LoginViewController.swift */ = {isa = PBXFileReference; lastKnownFileType = sourcecode.swift; path = LoginViewController.swift; sourceTree = "<group>"; };
		6751D0182B8CB9AD00396F91 /* Assets.xcassets */ = {isa = PBXFileReference; lastKnownFileType = folder.assetcatalog; path = Assets.xcassets; sourceTree = "<group>"; };
		6751D01B2B8CB9AD00396F91 /* Base */ = {isa = PBXFileReference; lastKnownFileType = file.storyboard; name = Base; path = Base.lproj/LaunchScreen.storyboard; sourceTree = "<group>"; };
		6751D01D2B8CB9AD00396F91 /* Info.plist */ = {isa = PBXFileReference; lastKnownFileType = text.plist.xml; path = Info.plist; sourceTree = "<group>"; };
		6751D0312B8CCA0D00396F91 /* ProfileViewController.swift */ = {isa = PBXFileReference; lastKnownFileType = sourcecode.swift; path = ProfileViewController.swift; sourceTree = "<group>"; };
		6751D0352B8CCAFD00396F91 /* MainTabBarController.swift */ = {isa = PBXFileReference; lastKnownFileType = sourcecode.swift; path = MainTabBarController.swift; sourceTree = "<group>"; };
		6751D03A2B8CF25C00396F91 /* AppCoordinator.swift */ = {isa = PBXFileReference; lastKnownFileType = sourcecode.swift; path = AppCoordinator.swift; sourceTree = "<group>"; };
		6751D03F2B8D08D600396F91 /* Colors.xcassets */ = {isa = PBXFileReference; lastKnownFileType = folder.assetcatalog; path = Colors.xcassets; sourceTree = "<group>"; };
		6751D0492B8D191D00396F91 /* ProfileViewPresenter.swift */ = {isa = PBXFileReference; lastKnownFileType = sourcecode.swift; path = ProfileViewPresenter.swift; sourceTree = "<group>"; };
		6751D04D2B8D2B0800396F91 /* AppBuilder.swift */ = {isa = PBXFileReference; lastKnownFileType = sourcecode.swift; path = AppBuilder.swift; sourceTree = "<group>"; };
		6751D0512B8D3DD000396F91 /* BaseCoordinator.swift */ = {isa = PBXFileReference; lastKnownFileType = sourcecode.swift; path = BaseCoordinator.swift; sourceTree = "<group>"; };
		6751D0532B8D3F4500396F91 /* ProfileSceneCoordinator.swift */ = {isa = PBXFileReference; lastKnownFileType = sourcecode.swift; path = ProfileSceneCoordinator.swift; sourceTree = "<group>"; };
		6751D0572B8E282400396F91 /* ProfileHeaderTableViewCell.swift */ = {isa = PBXFileReference; lastKnownFileType = sourcecode.swift; path = ProfileHeaderTableViewCell.swift; sourceTree = "<group>"; };
		6751D0592B8E285500396F91 /* ProfileInfoTableViewCell.swift */ = {isa = PBXFileReference; lastKnownFileType = sourcecode.swift; path = ProfileInfoTableViewCell.swift; sourceTree = "<group>"; };
		6751D05B2B8E465600396F91 /* UIVIewController+Extension.swift */ = {isa = PBXFileReference; lastKnownFileType = sourcecode.swift; path = "UIVIewController+Extension.swift"; sourceTree = "<group>"; };
		6751D05E2B8E49E900396F91 /* User.swift */ = {isa = PBXFileReference; lastKnownFileType = sourcecode.swift; path = User.swift; sourceTree = "<group>"; };
		6751D0612B8E808A00396F91 /* BonusesViewController.swift */ = {isa = PBXFileReference; lastKnownFileType = sourcecode.swift; path = BonusesViewController.swift; sourceTree = "<group>"; };
		6751D0632B8E974300396F91 /* BonusesViewPresenter.swift */ = {isa = PBXFileReference; lastKnownFileType = sourcecode.swift; path = BonusesViewPresenter.swift; sourceTree = "<group>"; };
		6751D0652B8EA8ED00396F91 /* ImagePicker.swift */ = {isa = PBXFileReference; lastKnownFileType = sourcecode.swift; path = ImagePicker.swift; sourceTree = "<group>"; };
		6751D0672B8FA5CE00396F91 /* Typealias.swift */ = {isa = PBXFileReference; lastKnownFileType = sourcecode.swift; path = Typealias.swift; sourceTree = "<group>"; };
		6751D06A2B8FAECD00396F91 /* RecipesViewController.swift */ = {isa = PBXFileReference; lastKnownFileType = sourcecode.swift; path = RecipesViewController.swift; sourceTree = "<group>"; };
		6751D06C2B8FAF1600396F91 /* RecipesSceneCoordinator.swift */ = {isa = PBXFileReference; lastKnownFileType = sourcecode.swift; path = RecipesSceneCoordinator.swift; sourceTree = "<group>"; };
		6751D06F2B8FAFB600396F91 /* CategoryRecipeViewController.swift */ = {isa = PBXFileReference; lastKnownFileType = sourcecode.swift; name = CategoryRecipeViewController.swift; path = Cells/CategoryRecipeViewController.swift; sourceTree = "<group>"; };
		6751D0712B8FB00700396F91 /* CategoryRecipeViewPresenter.swift */ = {isa = PBXFileReference; lastKnownFileType = sourcecode.swift; name = CategoryRecipeViewPresenter.swift; path = Cells/CategoryRecipeViewPresenter.swift; sourceTree = "<group>"; };
		6751D0732B8FB0D500396F91 /* RecipesViewPresenter.swift */ = {isa = PBXFileReference; lastKnownFileType = sourcecode.swift; path = RecipesViewPresenter.swift; sourceTree = "<group>"; };
		6751D0792B8FC58600396F91 /* SortButtonsView.swift */ = {isa = PBXFileReference; lastKnownFileType = sourcecode.swift; path = SortButtonsView.swift; sourceTree = "<group>"; };
		6751D07B2B8FF34900396F91 /* SortButton.swift */ = {isa = PBXFileReference; lastKnownFileType = sourcecode.swift; path = SortButton.swift; sourceTree = "<group>"; };
		6751D07E2B909AD600396F91 /* RecipeTableViewCell.swift */ = {isa = PBXFileReference; lastKnownFileType = sourcecode.swift; path = RecipeTableViewCell.swift; sourceTree = "<group>"; };
		6751D0802B909B3700396F91 /* Recipe.swift */ = {isa = PBXFileReference; lastKnownFileType = sourcecode.swift; path = Recipe.swift; sourceTree = "<group>"; };
		6751D0822B909B4900396F91 /* Category.swift */ = {isa = PBXFileReference; lastKnownFileType = sourcecode.swift; path = Category.swift; sourceTree = "<group>"; };
		6751D0852B90B57400396F91 /* SortButtonsTableHeaderView.swift */ = {isa = PBXFileReference; lastKnownFileType = sourcecode.swift; path = SortButtonsTableHeaderView.swift; sourceTree = "<group>"; };
		6751D0872B90E2AA00396F91 /* StorageService.swift */ = {isa = PBXFileReference; lastKnownFileType = sourcecode.swift; path = StorageService.swift; sourceTree = "<group>"; };
		6751D08A2B9152C700396F91 /* RecipeDetailViewController.swift */ = {isa = PBXFileReference; lastKnownFileType = sourcecode.swift; path = RecipeDetailViewController.swift; sourceTree = "<group>"; };
		6751D08D2B937CFC00396F91 /* HeaderRecipeViewCell.swift */ = {isa = PBXFileReference; lastKnownFileType = sourcecode.swift; path = HeaderRecipeViewCell.swift; sourceTree = "<group>"; };
		6751D0902B93B9B700396F91 /* NutrientsRecipeViewCell.swift */ = {isa = PBXFileReference; lastKnownFileType = sourcecode.swift; path = NutrientsRecipeViewCell.swift; sourceTree = "<group>"; };
		6751D0922B94900A00396F91 /* RecipeDescriptionCell.swift */ = {isa = PBXFileReference; lastKnownFileType = sourcecode.swift; path = RecipeDescriptionCell.swift; sourceTree = "<group>"; };
		6751D0942B9496E100396F91 /* RecipeDetailViewPresenter.swift */ = {isa = PBXFileReference; lastKnownFileType = sourcecode.swift; path = RecipeDetailViewPresenter.swift; sourceTree = "<group>"; };
		6751D09E2B974D3900396F91 /* TermsView.swift */ = {isa = PBXFileReference; lastKnownFileType = sourcecode.swift; path = TermsView.swift; sourceTree = "<group>"; };
		6751D0A02B97B58000396F91 /* ShimmerRecipeViewCell.swift */ = {isa = PBXFileReference; lastKnownFileType = sourcecode.swift; path = ShimmerRecipeViewCell.swift; sourceTree = "<group>"; };
		7308C4CA2B90EA2400A5F949 /* ErorrAlertView.swift */ = {isa = PBXFileReference; lastKnownFileType = sourcecode.swift; path = ErorrAlertView.swift; sourceTree = "<group>"; };
		73315B742B98B7B600E8BB1C /* ShimmerCellView.swift */ = {isa = PBXFileReference; lastKnownFileType = sourcecode.swift; path = ShimmerCellView.swift; sourceTree = "<group>"; };
		7360CB312B932FFB009B676A /* RecipeCellColectionView.swift */ = {isa = PBXFileReference; lastKnownFileType = sourcecode.swift; path = RecipeCellColectionView.swift; sourceTree = "<group>"; };
		7377CB7F2B949A0200FC2554 /* FavoritesView.swift */ = {isa = PBXFileReference; lastKnownFileType = sourcecode.swift; path = FavoritesView.swift; sourceTree = "<group>"; };
		7377CB812B949A6000FC2554 /* FavoritesSceneCoordinator.swift */ = {isa = PBXFileReference; lastKnownFileType = sourcecode.swift; path = FavoritesSceneCoordinator.swift; sourceTree = "<group>"; };
		7377CB832B949C9200FC2554 /* FavoritesPresenter.swift */ = {isa = PBXFileReference; lastKnownFileType = sourcecode.swift; path = FavoritesPresenter.swift; sourceTree = "<group>"; };
		7377CB862B94AEF200FC2554 /* FavoritesPlaceholderView.swift */ = {isa = PBXFileReference; lastKnownFileType = sourcecode.swift; path = FavoritesPlaceholderView.swift; sourceTree = "<group>"; };
		7377CB882B94C78200FC2554 /* FavoritesCell.swift */ = {isa = PBXFileReference; lastKnownFileType = sourcecode.swift; path = FavoritesCell.swift; sourceTree = "<group>"; };
		737A75562B8E44850019FB22 /* LoginViewPresenter.swift */ = {isa = PBXFileReference; lastKnownFileType = sourcecode.swift; path = LoginViewPresenter.swift; sourceTree = "<group>"; };
		737A75582B8E46530019FB22 /* LoginSceneCoordinator.swift */ = {isa = PBXFileReference; lastKnownFileType = sourcecode.swift; path = LoginSceneCoordinator.swift; sourceTree = "<group>"; };
		7399872E2B97358B00E0EEF8 /* UIFont+Extension.swift */ = {isa = PBXFileReference; lastKnownFileType = sourcecode.swift; path = "UIFont+Extension.swift"; sourceTree = "<group>"; };
		73A326712B8E241000D92928 /* UIColor+Extension.swift */ = {isa = PBXFileReference; lastKnownFileType = sourcecode.swift; path = "UIColor+Extension.swift"; sourceTree = "<group>"; };
/* End PBXFileReference section */

/* Begin PBXFrameworksBuildPhase section */
		6751D0092B8CB9AB00396F91 /* Frameworks */ = {
			isa = PBXFrameworksBuildPhase;
			buildActionMask = 2147483647;
			files = (
			);
			runOnlyForDeploymentPostprocessing = 0;
		};
/* End PBXFrameworksBuildPhase section */

/* Begin PBXGroup section */
		6751D0032B8CB9AB00396F91 = {
			isa = PBXGroup;
			children = (
				6751D00E2B8CB9AB00396F91 /* MVPTask */,
				6751D00D2B8CB9AB00396F91 /* Products */,
			);
			sourceTree = "<group>";
		};
		6751D00D2B8CB9AB00396F91 /* Products */ = {
			isa = PBXGroup;
			children = (
				6751D00C2B8CB9AB00396F91 /* MVPTask.app */,
			);
			name = Products;
			sourceTree = "<group>";
		};
		6751D00E2B8CB9AB00396F91 /* MVPTask */ = {
			isa = PBXGroup;
			children = (
				6751D02C2B8CC98100396F91 /* Sources */,
				6751D02B2B8CC8E900396F91 /* Resources */,
			);
			path = MVPTask;
			sourceTree = "<group>";
		};
		6751D02B2B8CC8E900396F91 /* Resources */ = {
			isa = PBXGroup;
			children = (
				6751D0182B8CB9AD00396F91 /* Assets.xcassets */,
				6751D03F2B8D08D600396F91 /* Colors.xcassets */,
				6751D01A2B8CB9AD00396F91 /* LaunchScreen.storyboard */,
				6751D01D2B8CB9AD00396F91 /* Info.plist */,
			);
			path = Resources;
			sourceTree = "<group>";
		};
		6751D02C2B8CC98100396F91 /* Sources */ = {
			isa = PBXGroup;
			children = (
				6751D02D2B8CC9B700396F91 /* App */,
				6751D0462B8D18E600396F91 /* Helpers */,
				6751D05D2B8E49CA00396F91 /* Models */,
				6751D0782B8FC55500396F91 /* CustomUI */,
				6751D02E2B8CC9BF00396F91 /* Scenes */,
			);
			path = Sources;
			sourceTree = "<group>";
		};
		6751D02D2B8CC9B700396F91 /* App */ = {
			isa = PBXGroup;
			children = (
				6751D0392B8CD1AF00396F91 /* AppCoordinator */,
				6751D04D2B8D2B0800396F91 /* AppBuilder.swift */,
				6751D00F2B8CB9AB00396F91 /* AppDelegate.swift */,
				6751D0112B8CB9AB00396F91 /* SceneDelegate.swift */,
			);
			path = App;
			sourceTree = "<group>";
		};
		6751D02E2B8CC9BF00396F91 /* Scenes */ = {
			isa = PBXGroup;
			children = (
				6751D0552B8D3F5A00396F91 /* Coordinators */,
				6751D03E2B8CFB9200396F91 /* MainTabBarScene */,
				6751D02F2B8CC9C800396F91 /* LoginScene */,
				6751D0692B8FAEAF00396F91 /* RecipesScene */,
				6751D0892B91529100396F91 /* RecipeDetailViewController */,
				6751D06E2B8FAF8B00396F91 /* CategoryScene */,
				7377CB7E2B9499A200FC2554 /* FavoritesViewController */,
				6751D0302B8CC9F800396F91 /* ProfileScene */,
			);
			path = Scenes;
			sourceTree = "<group>";
		};
		6751D02F2B8CC9C800396F91 /* LoginScene */ = {
			isa = PBXGroup;
			children = (
				6751D0132B8CB9AB00396F91 /* LoginViewController.swift */,
				737A75562B8E44850019FB22 /* LoginViewPresenter.swift */,
				7308C4CA2B90EA2400A5F949 /* ErorrAlertView.swift */,
			);
			path = LoginScene;
			sourceTree = "<group>";
		};
		6751D0302B8CC9F800396F91 /* ProfileScene */ = {
			isa = PBXGroup;
			children = (
				6751D0962B96F15800396F91 /* TermsScene */,
				6751D0562B8E27FB00396F91 /* Cells */,
				6751D0602B8E803B00396F91 /* BonusesScene */,
				6751D0492B8D191D00396F91 /* ProfileViewPresenter.swift */,
				6751D0312B8CCA0D00396F91 /* ProfileViewController.swift */,
			);
			path = ProfileScene;
			sourceTree = "<group>";
		};
		6751D0392B8CD1AF00396F91 /* AppCoordinator */ = {
			isa = PBXGroup;
			children = (
				6751D0512B8D3DD000396F91 /* BaseCoordinator.swift */,
				6751D03A2B8CF25C00396F91 /* AppCoordinator.swift */,
			);
			path = AppCoordinator;
			sourceTree = "<group>";
		};
		6751D03E2B8CFB9200396F91 /* MainTabBarScene */ = {
			isa = PBXGroup;
			children = (
				6751D0352B8CCAFD00396F91 /* MainTabBarController.swift */,
			);
			path = MainTabBarScene;
			sourceTree = "<group>";
		};
		6751D0462B8D18E600396F91 /* Helpers */ = {
			isa = PBXGroup;
			children = (
				7399872E2B97358B00E0EEF8 /* UIFont+Extension.swift */,
				6751D05B2B8E465600396F91 /* UIVIewController+Extension.swift */,
				73A326712B8E241000D92928 /* UIColor+Extension.swift */,
				6751D0652B8EA8ED00396F91 /* ImagePicker.swift */,
				6751D0672B8FA5CE00396F91 /* Typealias.swift */,
			);
			path = Helpers;
			sourceTree = "<group>";
		};
		6751D0552B8D3F5A00396F91 /* Coordinators */ = {
			isa = PBXGroup;
			children = (
				6751D06C2B8FAF1600396F91 /* RecipesSceneCoordinator.swift */,
				737A75582B8E46530019FB22 /* LoginSceneCoordinator.swift */,
				6751D0532B8D3F4500396F91 /* ProfileSceneCoordinator.swift */,
			);
			path = Coordinators;
			sourceTree = "<group>";
		};
		6751D0562B8E27FB00396F91 /* Cells */ = {
			isa = PBXGroup;
			children = (
				6751D0572B8E282400396F91 /* ProfileHeaderTableViewCell.swift */,
				6751D0592B8E285500396F91 /* ProfileInfoTableViewCell.swift */,
			);
			path = Cells;
			sourceTree = "<group>";
		};
		6751D05D2B8E49CA00396F91 /* Models */ = {
			isa = PBXGroup;
			children = (
				6751D05E2B8E49E900396F91 /* User.swift */,
				6751D0872B90E2AA00396F91 /* StorageService.swift */,
				6751D0802B909B3700396F91 /* Recipe.swift */,
				6751D0822B909B4900396F91 /* Category.swift */,
			);
			path = Models;
			sourceTree = "<group>";
		};
		6751D0602B8E803B00396F91 /* BonusesScene */ = {
			isa = PBXGroup;
			children = (
				6751D0632B8E974300396F91 /* BonusesViewPresenter.swift */,
				6751D0612B8E808A00396F91 /* BonusesViewController.swift */,
			);
			path = BonusesScene;
			sourceTree = "<group>";
		};
		6751D0692B8FAEAF00396F91 /* RecipesScene */ = {
			isa = PBXGroup;
			children = (
				6751D08F2B9399CA00396F91 /* Cells */,
				6751D0732B8FB0D500396F91 /* RecipesViewPresenter.swift */,
				6751D06A2B8FAECD00396F91 /* RecipesViewController.swift */,
			);
			path = RecipesScene;
			sourceTree = "<group>";
		};
		6751D06E2B8FAF8B00396F91 /* CategoryScene */ = {
			isa = PBXGroup;
			children = (
				6751D0842B90B52D00396F91 /* Headers */,
				6751D07D2B909AB100396F91 /* Cells */,
				6751D0712B8FB00700396F91 /* CategoryRecipeViewPresenter.swift */,
				6751D06F2B8FAFB600396F91 /* CategoryRecipeViewController.swift */,
			);
			path = CategoryScene;
			sourceTree = "<group>";
		};
		6751D0782B8FC55500396F91 /* CustomUI */ = {
			isa = PBXGroup;
			children = (
				6751D0792B8FC58600396F91 /* SortButtonsView.swift */,
				6751D07B2B8FF34900396F91 /* SortButton.swift */,
			);
			path = CustomUI;
			sourceTree = "<group>";
		};
		6751D07D2B909AB100396F91 /* Cells */ = {
			isa = PBXGroup;
			children = (
				6751D07E2B909AD600396F91 /* RecipeTableViewCell.swift */,
			);
			path = Cells;
			sourceTree = "<group>";
		};
		6751D0842B90B52D00396F91 /* Headers */ = {
			isa = PBXGroup;
			children = (
				6751D0852B90B57400396F91 /* SortButtonsTableHeaderView.swift */,
			);
			path = Headers;
			sourceTree = "<group>";
		};
		6751D0892B91529100396F91 /* RecipeDetailViewController */ = {
			isa = PBXGroup;
			children = (
				6751D08C2B93745A00396F91 /* Cells */,
				6751D0942B9496E100396F91 /* RecipeDetailViewPresenter.swift */,
				6751D08A2B9152C700396F91 /* RecipeDetailViewController.swift */,
			);
			path = RecipeDetailViewController;
			sourceTree = "<group>";
		};
		6751D08C2B93745A00396F91 /* Cells */ = {
			isa = PBXGroup;
			children = (
				6751D08D2B937CFC00396F91 /* HeaderRecipeViewCell.swift */,
				6751D0902B93B9B700396F91 /* NutrientsRecipeViewCell.swift */,
				6751D0922B94900A00396F91 /* RecipeDescriptionCell.swift */,
			);
			path = Cells;
			sourceTree = "<group>";
		};
		6751D08F2B9399CA00396F91 /* Cells */ = {
			isa = PBXGroup;
			children = (
				7360CB312B932FFB009B676A /* RecipeCellColectionView.swift */,
				6751D0A02B97B58000396F91 /* ShimmerRecipeViewCell.swift */,
			);
			path = Cells;
			sourceTree = "<group>";
		};
		6751D0962B96F15800396F91 /* TermsScene */ = {
			isa = PBXGroup;
			children = (
				6751D09E2B974D3900396F91 /* TermsView.swift */,
			);
			path = TermsScene;
			sourceTree = "<group>";
		};
		7377CB7E2B9499A200FC2554 /* FavoritesViewController */ = {
			isa = PBXGroup;
			children = (
				7377CB812B949A6000FC2554 /* FavoritesSceneCoordinator.swift */,
				7377CB7F2B949A0200FC2554 /* FavoritesView.swift */,
				7377CB832B949C9200FC2554 /* FavoritesPresenter.swift */,
				7377CB862B94AEF200FC2554 /* FavoritesPlaceholderView.swift */,
				7377CB882B94C78200FC2554 /* FavoritesCell.swift */,
				73315B742B98B7B600E8BB1C /* ShimmerCellView.swift */,
			);
			path = FavoritesViewController;
			sourceTree = "<group>";
		};
/* End PBXGroup section */

/* Begin PBXNativeTarget section */
		6751D00B2B8CB9AB00396F91 /* MVPTask */ = {
			isa = PBXNativeTarget;
			buildConfigurationList = 6751D0202B8CB9AD00396F91 /* Build configuration list for PBXNativeTarget "MVPTask" */;
			buildPhases = (
				6751D0082B8CB9AB00396F91 /* Sources */,
				6751D0092B8CB9AB00396F91 /* Frameworks */,
				6751D00A2B8CB9AB00396F91 /* Resources */,
				6751D0232B8CBF5E00396F91 /* SwiftLint */,
				6751D0242B8CC13800396F91 /* SwiftFormat */,
			);
			buildRules = (
			);
			dependencies = (
			);
			name = MVPTask;
			productName = MVPTask;
			productReference = 6751D00C2B8CB9AB00396F91 /* MVPTask.app */;
			productType = "com.apple.product-type.application";
		};
/* End PBXNativeTarget section */

/* Begin PBXProject section */
		6751D0042B8CB9AB00396F91 /* Project object */ = {
			isa = PBXProject;
			attributes = {
				BuildIndependentTargetsInParallel = 1;
				LastSwiftUpdateCheck = 1510;
				LastUpgradeCheck = 1510;
				TargetAttributes = {
					6751D00B2B8CB9AB00396F91 = {
						CreatedOnToolsVersion = 15.1;
					};
				};
			};
			buildConfigurationList = 6751D0072B8CB9AB00396F91 /* Build configuration list for PBXProject "MVPTask" */;
			compatibilityVersion = "Xcode 14.0";
			developmentRegion = en;
			hasScannedForEncodings = 0;
			knownRegions = (
				en,
				Base,
			);
			mainGroup = 6751D0032B8CB9AB00396F91;
			productRefGroup = 6751D00D2B8CB9AB00396F91 /* Products */;
			projectDirPath = "";
			projectRoot = "";
			targets = (
				6751D00B2B8CB9AB00396F91 /* MVPTask */,
			);
		};
/* End PBXProject section */

/* Begin PBXResourcesBuildPhase section */
		6751D00A2B8CB9AB00396F91 /* Resources */ = {
			isa = PBXResourcesBuildPhase;
			buildActionMask = 2147483647;
			files = (
				6751D0402B8D08D600396F91 /* Colors.xcassets in Resources */,
				6751D01C2B8CB9AD00396F91 /* LaunchScreen.storyboard in Resources */,
				6751D0192B8CB9AD00396F91 /* Assets.xcassets in Resources */,
			);
			runOnlyForDeploymentPostprocessing = 0;
		};
/* End PBXResourcesBuildPhase section */

/* Begin PBXShellScriptBuildPhase section */
		6751D0232B8CBF5E00396F91 /* SwiftLint */ = {
			isa = PBXShellScriptBuildPhase;
			alwaysOutOfDate = 1;
			buildActionMask = 2147483647;
			files = (
			);
			inputFileListPaths = (
			);
			inputPaths = (
			);
			name = SwiftLint;
			outputFileListPaths = (
			);
			outputPaths = (
			);
			runOnlyForDeploymentPostprocessing = 0;
			shellPath = /bin/sh;
			shellScript = "if [[ \"$(uname -m)\" == arm64 ]]; then\n    export PATH=\"/opt/homebrew/bin:$PATH\"\nfi\n\nif which swiftlint > /dev/null; then\n  swiftlint\nelse\n  echo \"warning: SwiftLint not installed, download from https://github.com/realm/SwiftLint\"\nfi\n";
			showEnvVarsInLog = 0;
		};
		6751D0242B8CC13800396F91 /* SwiftFormat */ = {
			isa = PBXShellScriptBuildPhase;
			alwaysOutOfDate = 1;
			buildActionMask = 2147483647;
			files = (
			);
			inputFileListPaths = (
			);
			inputPaths = (
			);
			name = SwiftFormat;
			outputFileListPaths = (
			);
			outputPaths = (
			);
			runOnlyForDeploymentPostprocessing = 0;
			shellPath = /bin/sh;
			shellScript = "if [[ \"$(uname -m)\" == arm64 ]]; then\n    export PATH=\"/opt/homebrew/bin:$PATH\"\nfi\n\nif which swiftformat > /dev/null; then\n  swiftformat .\nelse\n  echo \"warning: SwiftFormat not installed, download from https://github.com/nicklockwood/SwiftFormat\"\nfi\n";
			showEnvVarsInLog = 0;
		};
/* End PBXShellScriptBuildPhase section */

/* Begin PBXSourcesBuildPhase section */
		6751D0082B8CB9AB00396F91 /* Sources */ = {
			isa = PBXSourcesBuildPhase;
			buildActionMask = 2147483647;
			files = (
				6751D05C2B8E465600396F91 /* UIVIewController+Extension.swift in Sources */,
				6751D0622B8E808B00396F91 /* BonusesViewController.swift in Sources */,
				6751D0702B8FAFB600396F91 /* CategoryRecipeViewController.swift in Sources */,
				6751D0142B8CB9AB00396F91 /* LoginViewController.swift in Sources */,
				6751D0662B8EA8ED00396F91 /* ImagePicker.swift in Sources */,
				7377CB872B94AEF200FC2554 /* FavoritesPlaceholderView.swift in Sources */,
				6751D06B2B8FAECD00396F91 /* RecipesViewController.swift in Sources */,
				737A75592B8E46530019FB22 /* LoginSceneCoordinator.swift in Sources */,
				7308C4CB2B90EA2400A5F949 /* ErorrAlertView.swift in Sources */,
				6751D0832B909B4900396F91 /* Category.swift in Sources */,
				6751D09F2B974D3900396F91 /* TermsView.swift in Sources */,
				6751D04A2B8D191D00396F91 /* ProfileViewPresenter.swift in Sources */,
				7377CB802B949A0200FC2554 /* FavoritesView.swift in Sources */,
				6751D04E2B8D2B0800396F91 /* AppBuilder.swift in Sources */,
				73A326722B8E241000D92928 /* UIColor+Extension.swift in Sources */,
				6751D0102B8CB9AB00396F91 /* AppDelegate.swift in Sources */,
				6751D0542B8D3F4500396F91 /* ProfileSceneCoordinator.swift in Sources */,
				6751D0362B8CCAFD00396F91 /* MainTabBarController.swift in Sources */,
				6751D0952B9496E100396F91 /* RecipeDetailViewPresenter.swift in Sources */,
				7360CB322B932FFB009B676A /* RecipeCellColectionView.swift in Sources */,
				6751D0682B8FA5CE00396F91 /* Typealias.swift in Sources */,
				6751D0932B94900A00396F91 /* RecipeDescriptionCell.swift in Sources */,
				6751D05F2B8E49E900396F91 /* User.swift in Sources */,
				6751D05A2B8E285500396F91 /* ProfileInfoTableViewCell.swift in Sources */,
				7377CB842B949C9200FC2554 /* FavoritesPresenter.swift in Sources */,
				6751D03B2B8CF25C00396F91 /* AppCoordinator.swift in Sources */,
				6751D0742B8FB0D500396F91 /* RecipesViewPresenter.swift in Sources */,
				737A75572B8E44850019FB22 /* LoginViewPresenter.swift in Sources */,
				6751D0522B8D3DD000396F91 /* BaseCoordinator.swift in Sources */,
				6751D07F2B909AD600396F91 /* RecipeTableViewCell.swift in Sources */,
				7377CB822B949A6000FC2554 /* FavoritesSceneCoordinator.swift in Sources */,
				7377CB892B94C78200FC2554 /* FavoritesCell.swift in Sources */,
				6751D08B2B9152C700396F91 /* RecipeDetailViewController.swift in Sources */,
				6751D07C2B8FF34900396F91 /* SortButton.swift in Sources */,
				6751D0862B90B57400396F91 /* SortButtonsTableHeaderView.swift in Sources */,
				6751D08E2B937CFC00396F91 /* HeaderRecipeViewCell.swift in Sources */,
				6751D0582B8E282400396F91 /* ProfileHeaderTableViewCell.swift in Sources */,
				6751D0322B8CCA0D00396F91 /* ProfileViewController.swift in Sources */,
				6751D0722B8FB00700396F91 /* CategoryRecipeViewPresenter.swift in Sources */,
				6751D06D2B8FAF1600396F91 /* RecipesSceneCoordinator.swift in Sources */,
				6751D0882B90E2AA00396F91 /* StorageService.swift in Sources */,
				6751D0912B93B9B700396F91 /* NutrientsRecipeViewCell.swift in Sources */,
				6751D0122B8CB9AB00396F91 /* SceneDelegate.swift in Sources */,
				7399872F2B97358B00E0EEF8 /* UIFont+Extension.swift in Sources */,
				6751D0642B8E974300396F91 /* BonusesViewPresenter.swift in Sources */,
				6751D0812B909B3700396F91 /* Recipe.swift in Sources */,
				6751D0A12B97B58000396F91 /* ShimmerRecipeViewCell.swift in Sources */,
				6751D07A2B8FC58600396F91 /* SortButtonsView.swift in Sources */,
				73315B752B98B7B600E8BB1C /* ShimmerCellView.swift in Sources */,
			);
			runOnlyForDeploymentPostprocessing = 0;
		};
/* End PBXSourcesBuildPhase section */

/* Begin PBXVariantGroup section */
		6751D01A2B8CB9AD00396F91 /* LaunchScreen.storyboard */ = {
			isa = PBXVariantGroup;
			children = (
				6751D01B2B8CB9AD00396F91 /* Base */,
			);
			name = LaunchScreen.storyboard;
			sourceTree = "<group>";
		};
/* End PBXVariantGroup section */

/* Begin XCBuildConfiguration section */
		6751D01E2B8CB9AD00396F91 /* Debug */ = {
			isa = XCBuildConfiguration;
			buildSettings = {
				ALWAYS_SEARCH_USER_PATHS = NO;
				ASSETCATALOG_COMPILER_GENERATE_SWIFT_ASSET_SYMBOL_EXTENSIONS = YES;
				CLANG_ANALYZER_NONNULL = YES;
				CLANG_ANALYZER_NUMBER_OBJECT_CONVERSION = YES_AGGRESSIVE;
				CLANG_CXX_LANGUAGE_STANDARD = "gnu++20";
				CLANG_ENABLE_MODULES = YES;
				CLANG_ENABLE_OBJC_ARC = YES;
				CLANG_ENABLE_OBJC_WEAK = YES;
				CLANG_WARN_BLOCK_CAPTURE_AUTORELEASING = YES;
				CLANG_WARN_BOOL_CONVERSION = YES;
				CLANG_WARN_COMMA = YES;
				CLANG_WARN_CONSTANT_CONVERSION = YES;
				CLANG_WARN_DEPRECATED_OBJC_IMPLEMENTATIONS = YES;
				CLANG_WARN_DIRECT_OBJC_ISA_USAGE = YES_ERROR;
				CLANG_WARN_DOCUMENTATION_COMMENTS = YES;
				CLANG_WARN_EMPTY_BODY = YES;
				CLANG_WARN_ENUM_CONVERSION = YES;
				CLANG_WARN_INFINITE_RECURSION = YES;
				CLANG_WARN_INT_CONVERSION = YES;
				CLANG_WARN_NON_LITERAL_NULL_CONVERSION = YES;
				CLANG_WARN_OBJC_IMPLICIT_RETAIN_SELF = YES;
				CLANG_WARN_OBJC_LITERAL_CONVERSION = YES;
				CLANG_WARN_OBJC_ROOT_CLASS = YES_ERROR;
				CLANG_WARN_QUOTED_INCLUDE_IN_FRAMEWORK_HEADER = YES;
				CLANG_WARN_RANGE_LOOP_ANALYSIS = YES;
				CLANG_WARN_STRICT_PROTOTYPES = YES;
				CLANG_WARN_SUSPICIOUS_MOVE = YES;
				CLANG_WARN_UNGUARDED_AVAILABILITY = YES_AGGRESSIVE;
				CLANG_WARN_UNREACHABLE_CODE = YES;
				CLANG_WARN__DUPLICATE_METHOD_MATCH = YES;
				COPY_PHASE_STRIP = NO;
				DEBUG_INFORMATION_FORMAT = dwarf;
				ENABLE_STRICT_OBJC_MSGSEND = YES;
				ENABLE_TESTABILITY = YES;
				ENABLE_USER_SCRIPT_SANDBOXING = YES;
				GCC_C_LANGUAGE_STANDARD = gnu17;
				GCC_DYNAMIC_NO_PIC = NO;
				GCC_NO_COMMON_BLOCKS = YES;
				GCC_OPTIMIZATION_LEVEL = 0;
				GCC_PREPROCESSOR_DEFINITIONS = (
					"DEBUG=1",
					"$(inherited)",
				);
				GCC_WARN_64_TO_32_BIT_CONVERSION = YES;
				GCC_WARN_ABOUT_RETURN_TYPE = YES_ERROR;
				GCC_WARN_UNDECLARED_SELECTOR = YES;
				GCC_WARN_UNINITIALIZED_AUTOS = YES_AGGRESSIVE;
				GCC_WARN_UNUSED_FUNCTION = YES;
				GCC_WARN_UNUSED_VARIABLE = YES;
				IPHONEOS_DEPLOYMENT_TARGET = 17.2;
				LOCALIZATION_PREFERS_STRING_CATALOGS = YES;
				MTL_ENABLE_DEBUG_INFO = INCLUDE_SOURCE;
				MTL_FAST_MATH = YES;
				ONLY_ACTIVE_ARCH = YES;
				SDKROOT = iphoneos;
				SWIFT_ACTIVE_COMPILATION_CONDITIONS = "DEBUG $(inherited)";
				SWIFT_OPTIMIZATION_LEVEL = "-Onone";
			};
			name = Debug;
		};
		6751D01F2B8CB9AD00396F91 /* Release */ = {
			isa = XCBuildConfiguration;
			buildSettings = {
				ALWAYS_SEARCH_USER_PATHS = NO;
				ASSETCATALOG_COMPILER_GENERATE_SWIFT_ASSET_SYMBOL_EXTENSIONS = YES;
				CLANG_ANALYZER_NONNULL = YES;
				CLANG_ANALYZER_NUMBER_OBJECT_CONVERSION = YES_AGGRESSIVE;
				CLANG_CXX_LANGUAGE_STANDARD = "gnu++20";
				CLANG_ENABLE_MODULES = YES;
				CLANG_ENABLE_OBJC_ARC = YES;
				CLANG_ENABLE_OBJC_WEAK = YES;
				CLANG_WARN_BLOCK_CAPTURE_AUTORELEASING = YES;
				CLANG_WARN_BOOL_CONVERSION = YES;
				CLANG_WARN_COMMA = YES;
				CLANG_WARN_CONSTANT_CONVERSION = YES;
				CLANG_WARN_DEPRECATED_OBJC_IMPLEMENTATIONS = YES;
				CLANG_WARN_DIRECT_OBJC_ISA_USAGE = YES_ERROR;
				CLANG_WARN_DOCUMENTATION_COMMENTS = YES;
				CLANG_WARN_EMPTY_BODY = YES;
				CLANG_WARN_ENUM_CONVERSION = YES;
				CLANG_WARN_INFINITE_RECURSION = YES;
				CLANG_WARN_INT_CONVERSION = YES;
				CLANG_WARN_NON_LITERAL_NULL_CONVERSION = YES;
				CLANG_WARN_OBJC_IMPLICIT_RETAIN_SELF = YES;
				CLANG_WARN_OBJC_LITERAL_CONVERSION = YES;
				CLANG_WARN_OBJC_ROOT_CLASS = YES_ERROR;
				CLANG_WARN_QUOTED_INCLUDE_IN_FRAMEWORK_HEADER = YES;
				CLANG_WARN_RANGE_LOOP_ANALYSIS = YES;
				CLANG_WARN_STRICT_PROTOTYPES = YES;
				CLANG_WARN_SUSPICIOUS_MOVE = YES;
				CLANG_WARN_UNGUARDED_AVAILABILITY = YES_AGGRESSIVE;
				CLANG_WARN_UNREACHABLE_CODE = YES;
				CLANG_WARN__DUPLICATE_METHOD_MATCH = YES;
				COPY_PHASE_STRIP = NO;
				DEBUG_INFORMATION_FORMAT = "dwarf-with-dsym";
				ENABLE_NS_ASSERTIONS = NO;
				ENABLE_STRICT_OBJC_MSGSEND = YES;
				ENABLE_USER_SCRIPT_SANDBOXING = YES;
				GCC_C_LANGUAGE_STANDARD = gnu17;
				GCC_NO_COMMON_BLOCKS = YES;
				GCC_WARN_64_TO_32_BIT_CONVERSION = YES;
				GCC_WARN_ABOUT_RETURN_TYPE = YES_ERROR;
				GCC_WARN_UNDECLARED_SELECTOR = YES;
				GCC_WARN_UNINITIALIZED_AUTOS = YES_AGGRESSIVE;
				GCC_WARN_UNUSED_FUNCTION = YES;
				GCC_WARN_UNUSED_VARIABLE = YES;
				IPHONEOS_DEPLOYMENT_TARGET = 17.2;
				LOCALIZATION_PREFERS_STRING_CATALOGS = YES;
				MTL_ENABLE_DEBUG_INFO = NO;
				MTL_FAST_MATH = YES;
				SDKROOT = iphoneos;
				SWIFT_COMPILATION_MODE = wholemodule;
				VALIDATE_PRODUCT = YES;
			};
			name = Release;
		};
		6751D0212B8CB9AD00396F91 /* Debug */ = {
			isa = XCBuildConfiguration;
			buildSettings = {
				ASSETCATALOG_COMPILER_APPICON_NAME = AppIcon;
				ASSETCATALOG_COMPILER_GLOBAL_ACCENT_COLOR_NAME = AccentColor;
				CODE_SIGN_STYLE = Automatic;
				CURRENT_PROJECT_VERSION = 1;
				DEVELOPMENT_TEAM = RD3BV5S34P;
				ENABLE_USER_SCRIPT_SANDBOXING = NO;
				GENERATE_INFOPLIST_FILE = YES;
				INFOPLIST_FILE = MVPTask/Resources/Info.plist;
				INFOPLIST_KEY_UIApplicationSupportsIndirectInputEvents = YES;
				INFOPLIST_KEY_UILaunchStoryboardName = LaunchScreen;
				INFOPLIST_KEY_UISupportedInterfaceOrientations_iPad = "UIInterfaceOrientationPortrait UIInterfaceOrientationPortraitUpsideDown UIInterfaceOrientationLandscapeLeft UIInterfaceOrientationLandscapeRight";
				INFOPLIST_KEY_UISupportedInterfaceOrientations_iPhone = "UIInterfaceOrientationPortrait UIInterfaceOrientationLandscapeLeft UIInterfaceOrientationLandscapeRight";
				IPHONEOS_DEPLOYMENT_TARGET = 16.4;
				LD_RUNPATH_SEARCH_PATHS = (
					"$(inherited)",
					"@executable_path/Frameworks",
				);
				MARKETING_VERSION = 1.0;
				PRODUCT_BUNDLE_IDENTIFIER = "Dylan-Sanders.MVPTask";
				PRODUCT_NAME = "$(TARGET_NAME)";
				SWIFT_EMIT_LOC_STRINGS = YES;
				SWIFT_VERSION = 5.0;
				TARGETED_DEVICE_FAMILY = "1,2";
			};
			name = Debug;
		};
		6751D0222B8CB9AD00396F91 /* Release */ = {
			isa = XCBuildConfiguration;
			buildSettings = {
				ASSETCATALOG_COMPILER_APPICON_NAME = AppIcon;
				ASSETCATALOG_COMPILER_GLOBAL_ACCENT_COLOR_NAME = AccentColor;
				CODE_SIGN_STYLE = Automatic;
				CURRENT_PROJECT_VERSION = 1;
				DEVELOPMENT_TEAM = RD3BV5S34P;
				ENABLE_USER_SCRIPT_SANDBOXING = NO;
				GENERATE_INFOPLIST_FILE = YES;
				INFOPLIST_FILE = MVPTask/Resources/Info.plist;
				INFOPLIST_KEY_UIApplicationSupportsIndirectInputEvents = YES;
				INFOPLIST_KEY_UILaunchStoryboardName = LaunchScreen;
				INFOPLIST_KEY_UISupportedInterfaceOrientations_iPad = "UIInterfaceOrientationPortrait UIInterfaceOrientationPortraitUpsideDown UIInterfaceOrientationLandscapeLeft UIInterfaceOrientationLandscapeRight";
				INFOPLIST_KEY_UISupportedInterfaceOrientations_iPhone = "UIInterfaceOrientationPortrait UIInterfaceOrientationLandscapeLeft UIInterfaceOrientationLandscapeRight";
				IPHONEOS_DEPLOYMENT_TARGET = 16.4;
				LD_RUNPATH_SEARCH_PATHS = (
					"$(inherited)",
					"@executable_path/Frameworks",
				);
				MARKETING_VERSION = 1.0;
				PRODUCT_BUNDLE_IDENTIFIER = "Dylan-Sanders.MVPTask";
				PRODUCT_NAME = "$(TARGET_NAME)";
				SWIFT_EMIT_LOC_STRINGS = YES;
				SWIFT_VERSION = 5.0;
				TARGETED_DEVICE_FAMILY = "1,2";
			};
			name = Release;
		};
/* End XCBuildConfiguration section */

/* Begin XCConfigurationList section */
		6751D0072B8CB9AB00396F91 /* Build configuration list for PBXProject "MVPTask" */ = {
			isa = XCConfigurationList;
			buildConfigurations = (
				6751D01E2B8CB9AD00396F91 /* Debug */,
				6751D01F2B8CB9AD00396F91 /* Release */,
			);
			defaultConfigurationIsVisible = 0;
			defaultConfigurationName = Release;
		};
		6751D0202B8CB9AD00396F91 /* Build configuration list for PBXNativeTarget "MVPTask" */ = {
			isa = XCConfigurationList;
			buildConfigurations = (
				6751D0212B8CB9AD00396F91 /* Debug */,
				6751D0222B8CB9AD00396F91 /* Release */,
			);
			defaultConfigurationIsVisible = 0;
			defaultConfigurationName = Release;
		};
/* End XCConfigurationList section */
	};
	rootObject = 6751D0042B8CB9AB00396F91 /* Project object */;
}
